
Microsoft Visual Studio Solution File, Format Version 12.00
# Visual Studio Version 17
VisualStudioVersion = 17.6.33712.159
MinimumVisualStudioVersion = 10.0.40219.1
Project("{FAE04EC0-301F-11D3-BF4B-00C04F79EFBC}") = "TranspormationAutomation", "TranspormationAutomation.csproj", "{8D0AF132-5941-4B35-9D6B-1761D76DA98E}"
EndProject
Global
	GlobalSection(SolutionConfigurationPlatforms) = preSolution
		Debug|Any CPU = Debug|Any CPU
		Release|Any CPU = Release|Any CPU
	EndGlobalSection
	GlobalSection(ProjectConfigurationPlatforms) = postSolution
		{8D0AF132-5941-4B35-9D6B-1761D76DA98E}.Debug|Any CPU.ActiveCfg = Debug|Any CPU
		{8D0AF132-5941-4B35-9D6B-1761D76DA98E}.Debug|Any CPU.Build.0 = Debug|Any CPU
		{8D0AF132-5941-4B35-9D6B-1761D76DA98E}.Release|Any CPU.ActiveCfg = Release|Any CPU
		{8D0AF132-5941-4B35-9D6B-1761D76DA98E}.Release|Any CPU.Build.0 = Release|Any CPU
	EndGlobalSection
	GlobalSection(SolutionProperties) = preSolution
		HideSolutionNode = FALSE
	EndGlobalSection
	GlobalSection(ExtensibilityGlobals) = postSolution
		SolutionGuid = {FA6251D4-38A0-40E1-9900-3620B3E32FAF}
	EndGlobalSection
EndGlobal
